github.com/JeffDeCola/my-go-packages v0.0.3 h1:j+TZj1AdHETYhx0kM9KYK6RpMpFrjuUxVkR9eqjkQ2M=
github.com/JeffDeCola/my-go-packages v0.0.3/go.mod h1:c/MhbGQQtpxSlpSLJLBfoHz/6ayaVSVtMtNHq4xiJQA=
github.com/JeffDeCola/my-go-packages v0.0.5 h1:jgjFAO59RjAf3ji5B12MqWiT0lhU+kiwyiGasIQHBe8=
github.com/JeffDeCola/my-go-packages v0.0.5/go.mod h1:c/MhbGQQtpxSlpSLJLBfoHz/6ayaVSVtMtNHq4xiJQA=
